hash: 24b51619e5327f1c3098f386b224e44020404b4861b51f82b7e4581a53ed61d0
updated: 2016-05-26T10:32:26.972503296+01:00
imports:
- name: bitbucket.org/ww/goautoneg
  version: ""
- name: github.com/beorn7/perks
  version: ""
  subpackages:
  - quantile
- name: github.com/blang/semver
  version: ""
- name: github.com/coreos/etcd
  version: ""
  subpackages:
  - auth
  - client
  - compactor
  - discovery
  - error
  - etcdserver
  - lease
  - pkg/adt
  - pkg/contention
  - pkg/crc
  - pkg/fileutil
  - pkg/httputil
  - pkg/idutil
  - pkg/ioutil
  - pkg/logutil
  - pkg/netutil
  - pkg/osutil
  - pkg/pathutil
  - pkg/pbutil
  - pkg/runtime
  - pkg/schedule
  - pkg/testutil
  - pkg/transport
  - pkg/types
  - pkg/wait
  - raft
  - rafthttp
  - snap
  - storage
  - store
  - version
  - wal
- name: github.com/coreos/go-systemd
  version: b4a58d95188dd092ae20072bac14cece0e67c388
  subpackages:
  - journal
- name: github.com/coreos/pkg
  version: ""
  subpackages:
  - capnslog
- name: github.com/cpuguy83/go-md2man
  version: ""
  subpackages:
  - md2man
- name: github.com/davecgh/go-spew
  version: ""
  subpackages:
  - spew
- name: github.com/dgrijalva/jwt-go
  version: ""
- name: github.com/docker/distribution
  version: ""
  subpackages:
  - digest
  - manifest/schema1
  - manifest
- name: github.com/docker/docker
  version: ""
  subpackages:
  - builder/command
  - builder/parser
  - pkg/jsonmessage
  - pkg/mount
  - pkg/parsers
  - pkg/stdcopy
  - pkg/symlink
  - pkg/tarsum
  - pkg/term
  - pkg/timeutils
  - pkg/units
- name: github.com/docker/go-units
  version: ""
- name: github.com/docker/libtrust
  version: ""
- name: github.com/emicklei/go-restful
  version: ""
  subpackages:
  - swagger
  - log
- name: github.com/fsouza/go-dockerclient
  version: ""
  subpackages:
  - external/github.com/docker/docker/opts
  - external/github.com/docker/docker/pkg/archive
  - external/github.com/docker/docker/pkg/fileutils
  - external/github.com/docker/docker/pkg/homedir
  - external/github.com/docker/docker/pkg/stdcopy
  - external/github.com/hashicorp/go-cleanhttp
  - external/github.com/Sirupsen/logrus
  - external/github.com/docker/docker/pkg/idtools
  - external/github.com/docker/docker/pkg/ioutils
  - external/github.com/docker/docker/pkg/pools
  - external/github.com/docker/docker/pkg/promise
  - external/github.com/docker/docker/pkg/system
  - external/github.com/docker/docker/pkg/longpath
  - external/github.com/opencontainers/runc/libcontainer/user
  - external/golang.org/x/sys/unix
  - external/golang.org/x/net/context
  - external/github.com/docker/go-units
- name: github.com/ghodss/yaml
  version: ""
- name: github.com/gogo/protobuf
  version: ""
  subpackages:
  - proto
- name: github.com/golang/glog
  version: ""
- name: github.com/golang/protobuf
  version: ""
  subpackages:
  - proto
- name: github.com/google/cadvisor
  version: ""
  subpackages:
  - api
  - cache/memory
  - collector
  - container
  - events
  - fs
  - healthz
  - http
  - info/v1
  - info/v2
  - manager
  - metrics
  - pages
  - storage
  - summary
  - utils
  - validate
  - version
- name: github.com/google/gofuzz
  version: ""
- name: github.com/inconshreveable/mousetrap
  version: ""
- name: github.com/juju/ratelimit
  version: ""
- name: github.com/matttproud/golang_protobuf_extensions
  version: ""
  subpackages:
  - pbutil
- name: github.com/opencontainers/runc
  version: ""
  subpackages:
  - libcontainer
  - libcontainer/cgroups/fs
  - libcontainer/configs
  - libcontainer/cgroups
  - libcontainer/system
- name: github.com/openshift/origin
  version: ""
  subpackages:
  - pkg/authorization/api/v1
  - pkg/build/api/v1
  - pkg/deploy/api/v1
  - pkg/image/api/v1
  - pkg/oauth/api/v1
  - pkg/project/api/v1
  - pkg/route/api/v1
  - pkg/template/api/v1
  - pkg/user/api/v1
  - pkg/api
  - pkg/authorization/api
  - pkg/user/api/validation
  - pkg/build/api
  - pkg/build/util
  - pkg/image/api
  - pkg/deploy/api
  - pkg/image/api/docker10
  - pkg/image/api/dockerpre012
  - pkg/oauth/api
  - pkg/project/api
  - pkg/route/api
  - pkg/template/api
  - pkg/user/api
  - pkg/sdn/api
  - pkg/util/namer
  - pkg/build/client
  - pkg/client
  - pkg/api/latest
  - pkg/version
- name: github.com/pborman/uuid
  version: ""
- name: github.com/prometheus/client_golang
  version: ""
  subpackages:
  - prometheus
- name: github.com/prometheus/client_model
  version: ""
  subpackages:
  - go
- name: github.com/prometheus/common
  version: ""
  subpackages:
  - expfmt
  - model
- name: github.com/prometheus/procfs
  version: ""
- name: github.com/russross/blackfriday
  version: ""
- name: github.com/shurcooL/sanitized_anchor_name
  version: ""
- name: github.com/Sirupsen/logrus
  version: ""
- name: github.com/spf13/cobra
  version: ""
- name: github.com/spf13/pflag
  version: ""
- name: github.com/ugorji/go
  version: ""
  subpackages:
  - codec
- name: golang.org/x/net
  version: ""
  subpackages:
  - context
  - html
  - http2
  - internal/timeseries
  - proxy
  - trace
  - websocket
- name: gopkg.in/yaml.v2
  version: ""
- name: k8s.io/kubernetes
  version: ""
  repo: git@github.com:openshift/kubernetes.git
  vcs: git
  subpackages:
  - pkg/api/resource
  - pkg/api/unversioned
  - pkg/api/v1
  - pkg/apis/extensions/v1beta1
  - pkg/client/unversioned/clientcmd/api/v1
  - pkg/watch/json
  - pkg/api
  - pkg/conversion
  - pkg/runtime
  - pkg/util/sets
  - pkg/util/intstr
  - pkg/registry/namespace
  - pkg/labels
  - pkg/securitycontextconstraints/util
  - pkg/types
  - pkg/util
  - pkg/util/parsers
  - pkg/apis/extensions
  - pkg/client/unversioned/clientcmd/api
  - pkg/watch
  - pkg/api/validation
  - pkg/fields
  - pkg/auth/user
  - pkg/serviceaccount
  - pkg/util/validation/field
  - pkg/api/meta
  - pkg/runtime/serializer
  - pkg/util/rand
  - third_party/forked/reflect
  - pkg/conversion/queryparams
  - pkg/util/errors
  - pkg/util/json
  - pkg/util/validation
  - pkg/api/errors
  - pkg/api/rest
  - pkg/registry/generic
  - pkg/util/wait
  - pkg/util/net
  - pkg/util/runtime
  - pkg/api/endpoints
  - pkg/api/pod
  - pkg/api/service
  - pkg/api/util
  - pkg/apimachinery/registered
  - pkg/capabilities
  - pkg/util/yaml
  - pkg/auth/authenticator
  - pkg/runtime/serializer/json
  - pkg/runtime/serializer/protobuf
  - pkg/runtime/serializer/recognizer
  - pkg/runtime/serializer/streaming
  - pkg/runtime/serializer/versioning
  - pkg/storage
  - pkg/util/hash
  - pkg/util/net/sets
  - pkg/apimachinery
  - pkg/client/clientset_generated/internalclientset/typed/extensions/unversioned
  - pkg/client/restclient
  - pkg/client/typed/discovery
  - pkg/client/unversioned
  - pkg/client/cache
  - pkg/version
  - pkg/client/metrics
  - pkg/client/transport
  - pkg/util/crypto
  - pkg/util/flowcontrol
  - pkg/api/install
  - pkg/apis/authorization/install
  - pkg/apis/autoscaling
  - pkg/apis/autoscaling/install
  - pkg/apis/batch
  - pkg/apis/batch/install
  - pkg/apis/componentconfig/install
  - pkg/apis/extensions/install
  - pkg/apis/metrics/install
  - pkg/util/integer
  - pkg/api/v1beta3
  - pkg/apis/authorization
  - pkg/apis/authorization/v1beta1
  - pkg/apis/autoscaling/v1
  - pkg/apis/batch/v1
  - pkg/apis/componentconfig
  - pkg/apis/componentconfig/v1alpha1
  - pkg/apis/metrics
  - pkg/apis/metrics/v1alpha1
  - pkg/kubelet/qos
  - pkg/master/ports
- name: speter.net/go/exp/math/dec/inf
  version: ""
  repo: git@github.com:go-inf/inf.git
  vcs: git
devImports: []
